
Microsoft Visual Studio Solution File, Format Version 12.00
# Visual Studio Version 16
VisualStudioVersion = 16.0.29519.87
MinimumVisualStudioVersion = 10.0.40219.1
Project("{2150E333-8FDC-42A3-9474-1A3956D46DE8}") = "src", "src", "{3992100A-2D9E-4B56-A63E-E8F75EEF49A3}"
EndProject
Project("{2150E333-8FDC-42A3-9474-1A3956D46DE8}") = "Backend", "Backend", "{58F00B40-1709-4523-8E03-5A8DEDA4717C}"
EndProject
Project("{2150E333-8FDC-42A3-9474-1A3956D46DE8}") = "Frontend", "Frontend", "{43A56BBB-E717-44B9-87EB-99BE1A3F6B20}"
EndProject
Project("{2150E333-8FDC-42A3-9474-1A3956D46DE8}") = "4.0 - ZWA.API", "4.0 - ZWA.API", "{F0FF1234-D0FE-4D54-BE9C-390D94C0F133}"
EndProject
Project("{2150E333-8FDC-42A3-9474-1A3956D46DE8}") = "3.0 - ZWA.Infrastructure", "3.0 - ZWA.Infrastructure", "{A8389E13-F080-48A4-80EB-D35D4197C27B}"
EndProject
Project("{2150E333-8FDC-42A3-9474-1A3956D46DE8}") = "2.0 - ZWA.Application", "2.0 - ZWA.Application", "{472418C8-C92E-41A4-998E-43627516A410}"
EndProject
Project("{2150E333-8FDC-42A3-9474-1A3956D46DE8}") = "1.0 - ZWA.Domain", "1.0 - ZWA.Domain", "{CE00DDDD-A12E-49E8-90E8-33D7E40579AE}"
EndProject
Project("{2150E333-8FDC-42A3-9474-1A3956D46DE8}") = "Framework", "Framework", "{FFBCCBF6-AA2D-42B5-9A81-9B9F59A74105}"
EndProject
Project("{2150E333-8FDC-42A3-9474-1A3956D46DE8}") = "5.0 - ZWA.DTO", "5.0 - ZWA.DTO", "{9E954B98-E408-4B94-A1CE-0DDE1216075A}"
EndProject
Project("{FAE04EC0-301F-11D3-BF4B-00C04F79EFBC}") = "ZWA.TaskManagement.API", "src\Backend\4.0 - ZWA.API\ZWA.TaskManagement.API\ZWA.TaskManagement.API.csproj", "{9457EF5C-0886-4DE6-A933-80A2657E55D0}"
EndProject
Project("{FAE04EC0-301F-11D3-BF4B-00C04F79EFBC}") = "ZWA.TaskManagement.Infrastructure", "src\Backend\3.0 - ZWA.Infrastructure\ZWA.TaskManagement.Infrastructure\ZWA.TaskManagement.Infrastructure.csproj", "{6F4E25FA-B690-44B5-9CCB-3212B7BD9991}"
EndProject
Project("{FAE04EC0-301F-11D3-BF4B-00C04F79EFBC}") = "ZWA.TaskManagement.Application", "src\Backend\2.0 - ZWA.Application\ZWA.TaskManagement.Application\ZWA.TaskManagement.Application.csproj", "{53B91914-5DE5-4B09-AC56-24910C4F23AD}"
EndProject
Project("{FAE04EC0-301F-11D3-BF4B-00C04F79EFBC}") = "ZWA.TaskManagement.Domain", "src\Backend\1.0 - ZWA.Domain\ZWA.TaskManagement.Domain\ZWA.TaskManagement.Domain.csproj", "{62A58641-6647-4F8D-9A04-07D0D50C0DCF}"
EndProject
Project("{FAE04EC0-301F-11D3-BF4B-00C04F79EFBC}") = "ZWA.TaskManagement.DTO", "src\Backend\5.0 - ZWA.DTO\ZWA.TaskManagement.DTO\ZWA.TaskManagement.DTO.csproj", "{F35692C1-5AE0-4334-B497-A5966CB60DA5}"
EndProject
Project("{FAE04EC0-301F-11D3-BF4B-00C04F79EFBC}") = "ZWA.Utilities", "src\Backend\Framework\ZWA.Utilities\ZWA.Utilities.csproj", "{2C1D0D55-3D36-4A81-B9CF-250A4E399356}"
EndProject
Project("{FAE04EC0-301F-11D3-BF4B-00C04F79EFBC}") = "ZWA.API.Core", "src\Backend\Framework\ZWA.API.Core\ZWA.API.Core.csproj", "{D17D08AF-8906-4448-B7F8-F71C21A58518}"
EndProject
Project("{2150E333-8FDC-42A3-9474-1A3956D46DE8}") = "6.0 - ZWA.Common", "6.0 - ZWA.Common", "{AA1E2D6F-4ABA-4759-90A8-C3E7CC24A516}"
EndProject
Project("{FAE04EC0-301F-11D3-BF4B-00C04F79EFBC}") = "ZWA.TaskManagement.Common", "src\Backend\6.0 - ZWA.Common\ZWA.TaskManagement.Common\ZWA.TaskManagement.Common.csproj", "{CEB19940-E609-49E7-A61E-229F8680F941}"
EndProject
Project("{FAE04EC0-301F-11D3-BF4B-00C04F79EFBC}") = "ZWA.Infrastructure.Core", "src\Backend\Framework\ZWA.Infrastructure.Core\ZWA.Infrastructure.Core.csproj", "{C0D32CDE-62A0-409A-92AE-B03F12202BFC}"
EndProject
Global
	GlobalSection(SolutionConfigurationPlatforms) = preSolution
		Debug|Any CPU = Debug|Any CPU
		Release|Any CPU = Release|Any CPU
	EndGlobalSection
	GlobalSection(ProjectConfigurationPlatforms) = postSolution
		{9457EF5C-0886-4DE6-A933-80A2657E55D0}.Debug|Any CPU.ActiveCfg = Debug|Any CPU
		{9457EF5C-0886-4DE6-A933-80A2657E55D0}.Debug|Any CPU.Build.0 = Debug|Any CPU
		{9457EF5C-0886-4DE6-A933-80A2657E55D0}.Release|Any CPU.ActiveCfg = Release|Any CPU
		{9457EF5C-0886-4DE6-A933-80A2657E55D0}.Release|Any CPU.Build.0 = Release|Any CPU
		{6F4E25FA-B690-44B5-9CCB-3212B7BD9991}.Debug|Any CPU.ActiveCfg = Debug|Any CPU
		{6F4E25FA-B690-44B5-9CCB-3212B7BD9991}.Debug|Any CPU.Build.0 = Debug|Any CPU
		{6F4E25FA-B690-44B5-9CCB-3212B7BD9991}.Release|Any CPU.ActiveCfg = Release|Any CPU
		{6F4E25FA-B690-44B5-9CCB-3212B7BD9991}.Release|Any CPU.Build.0 = Release|Any CPU
		{53B91914-5DE5-4B09-AC56-24910C4F23AD}.Debug|Any CPU.ActiveCfg = Debug|Any CPU
		{53B91914-5DE5-4B09-AC56-24910C4F23AD}.Debug|Any CPU.Build.0 = Debug|Any CPU
		{53B91914-5DE5-4B09-AC56-24910C4F23AD}.Release|Any CPU.ActiveCfg = Release|Any CPU
		{53B91914-5DE5-4B09-AC56-24910C4F23AD}.Release|Any CPU.Build.0 = Release|Any CPU
		{62A58641-6647-4F8D-9A04-07D0D50C0DCF}.Debug|Any CPU.ActiveCfg = Debug|Any CPU
		{62A58641-6647-4F8D-9A04-07D0D50C0DCF}.Debug|Any CPU.Build.0 = Debug|Any CPU
		{62A58641-6647-4F8D-9A04-07D0D50C0DCF}.Release|Any CPU.ActiveCfg = Release|Any CPU
		{62A58641-6647-4F8D-9A04-07D0D50C0DCF}.Release|Any CPU.Build.0 = Release|Any CPU
		{F35692C1-5AE0-4334-B497-A5966CB60DA5}.Debug|Any CPU.ActiveCfg = Debug|Any CPU
		{F35692C1-5AE0-4334-B497-A5966CB60DA5}.Debug|Any CPU.Build.0 = Debug|Any CPU
		{F35692C1-5AE0-4334-B497-A5966CB60DA5}.Release|Any CPU.ActiveCfg = Release|Any CPU
		{F35692C1-5AE0-4334-B497-A5966CB60DA5}.Release|Any CPU.Build.0 = Release|Any CPU
		{2C1D0D55-3D36-4A81-B9CF-250A4E399356}.Debug|Any CPU.ActiveCfg = Debug|Any CPU
		{2C1D0D55-3D36-4A81-B9CF-250A4E399356}.Debug|Any CPU.Build.0 = Debug|Any CPU
		{2C1D0D55-3D36-4A81-B9CF-250A4E399356}.Release|Any CPU.ActiveCfg = Release|Any CPU
		{2C1D0D55-3D36-4A81-B9CF-250A4E399356}.Release|Any CPU.Build.0 = Release|Any CPU
		{D17D08AF-8906-4448-B7F8-F71C21A58518}.Debug|Any CPU.ActiveCfg = Debug|Any CPU
		{D17D08AF-8906-4448-B7F8-F71C21A58518}.Debug|Any CPU.Build.0 = Debug|Any CPU
		{D17D08AF-8906-4448-B7F8-F71C21A58518}.Release|Any CPU.ActiveCfg = Release|Any CPU
		{D17D08AF-8906-4448-B7F8-F71C21A58518}.Release|Any CPU.Build.0 = Release|Any CPU
		{CEB19940-E609-49E7-A61E-229F8680F941}.Debug|Any CPU.ActiveCfg = Debug|Any CPU
		{CEB19940-E609-49E7-A61E-229F8680F941}.Debug|Any CPU.Build.0 = Debug|Any CPU
		{CEB19940-E609-49E7-A61E-229F8680F941}.Release|Any CPU.ActiveCfg = Release|Any CPU
		{CEB19940-E609-49E7-A61E-229F8680F941}.Release|Any CPU.Build.0 = Release|Any CPU
		{C0D32CDE-62A0-409A-92AE-B03F12202BFC}.Debug|Any CPU.ActiveCfg = Debug|Any CPU
		{C0D32CDE-62A0-409A-92AE-B03F12202BFC}.Debug|Any CPU.Build.0 = Debug|Any CPU
		{C0D32CDE-62A0-409A-92AE-B03F12202BFC}.Release|Any CPU.ActiveCfg = Release|Any CPU
		{C0D32CDE-62A0-409A-92AE-B03F12202BFC}.Release|Any CPU.Build.0 = Release|Any CPU
	EndGlobalSection
	GlobalSection(SolutionProperties) = preSolution
		HideSolutionNode = FALSE
	EndGlobalSection
	GlobalSection(NestedProjects) = preSolution
		{58F00B40-1709-4523-8E03-5A8DEDA4717C} = {3992100A-2D9E-4B56-A63E-E8F75EEF49A3}
		{43A56BBB-E717-44B9-87EB-99BE1A3F6B20} = {3992100A-2D9E-4B56-A63E-E8F75EEF49A3}
		{F0FF1234-D0FE-4D54-BE9C-390D94C0F133} = {58F00B40-1709-4523-8E03-5A8DEDA4717C}
		{A8389E13-F080-48A4-80EB-D35D4197C27B} = {58F00B40-1709-4523-8E03-5A8DEDA4717C}
		{472418C8-C92E-41A4-998E-43627516A410} = {58F00B40-1709-4523-8E03-5A8DEDA4717C}
		{CE00DDDD-A12E-49E8-90E8-33D7E40579AE} = {58F00B40-1709-4523-8E03-5A8DEDA4717C}
		{FFBCCBF6-AA2D-42B5-9A81-9B9F59A74105} = {58F00B40-1709-4523-8E03-5A8DEDA4717C}
		{9E954B98-E408-4B94-A1CE-0DDE1216075A} = {58F00B40-1709-4523-8E03-5A8DEDA4717C}
		{9457EF5C-0886-4DE6-A933-80A2657E55D0} = {F0FF1234-D0FE-4D54-BE9C-390D94C0F133}
		{6F4E25FA-B690-44B5-9CCB-3212B7BD9991} = {A8389E13-F080-48A4-80EB-D35D4197C27B}
		{53B91914-5DE5-4B09-AC56-24910C4F23AD} = {472418C8-C92E-41A4-998E-43627516A410}
		{62A58641-6647-4F8D-9A04-07D0D50C0DCF} = {CE00DDDD-A12E-49E8-90E8-33D7E40579AE}
		{F35692C1-5AE0-4334-B497-A5966CB60DA5} = {9E954B98-E408-4B94-A1CE-0DDE1216075A}
		{2C1D0D55-3D36-4A81-B9CF-250A4E399356} = {FFBCCBF6-AA2D-42B5-9A81-9B9F59A74105}
		{D17D08AF-8906-4448-B7F8-F71C21A58518} = {FFBCCBF6-AA2D-42B5-9A81-9B9F59A74105}
		{AA1E2D6F-4ABA-4759-90A8-C3E7CC24A516} = {58F00B40-1709-4523-8E03-5A8DEDA4717C}
		{CEB19940-E609-49E7-A61E-229F8680F941} = {AA1E2D6F-4ABA-4759-90A8-C3E7CC24A516}
		{C0D32CDE-62A0-409A-92AE-B03F12202BFC} = {FFBCCBF6-AA2D-42B5-9A81-9B9F59A74105}
	EndGlobalSection
	GlobalSection(ExtensibilityGlobals) = postSolution
		SolutionGuid = {0EA4B77E-24DF-40E4-BC66-AE760B0B8FB1}
	EndGlobalSection
EndGlobal
